// !$*UTF8*$!
{
	archiveVersion = 1;
	classes = {
	};
	objectVersion = 56;
	objects = {

/* Begin PBXBuildFile section */
		46D6AACB3A70F7828C4C3DC0 /* Pods_Lost_Found.framework in Frameworks */ = {isa = PBXBuildFile; fileRef = 0235B3FEE47E38C288F08FE9 /* Pods_Lost_Found.framework */; };
		4D0F4C0A2A14EC9000516495 /* AppDelegate.swift in Sources */ = {isa = PBXBuildFile; fileRef = 4D0F4C092A14EC9000516495 /* AppDelegate.swift */; };
		4D0F4C0C2A14EC9000516495 /* SceneDelegate.swift in Sources */ = {isa = PBXBuildFile; fileRef = 4D0F4C0B2A14EC9000516495 /* SceneDelegate.swift */; };
		4D0F4C0E2A14EC9000516495 /* IntroViewController.swift in Sources */ = {isa = PBXBuildFile; fileRef = 4D0F4C0D2A14EC9000516495 /* IntroViewController.swift */; };
		4D0F4C112A14EC9000516495 /* Main.storyboard in Resources */ = {isa = PBXBuildFile; fileRef = 4D0F4C0F2A14EC9000516495 /* Main.storyboard */; };
		4D0F4C132A14EC9100516495 /* Assets.xcassets in Resources */ = {isa = PBXBuildFile; fileRef = 4D0F4C122A14EC9100516495 /* Assets.xcassets */; };
		4D0F4C162A14EC9100516495 /* LaunchScreen.storyboard in Resources */ = {isa = PBXBuildFile; fileRef = 4D0F4C142A14EC9100516495 /* LaunchScreen.storyboard */; };
		4D0F4C232A14F0E100516495 /* SlideCell.swift in Sources */ = {isa = PBXBuildFile; fileRef = 4D0F4C212A14F0E100516495 /* SlideCell.swift */; };
		4D0F4C242A14F0E100516495 /* SlideCell.xib in Resources */ = {isa = PBXBuildFile; fileRef = 4D0F4C222A14F0E100516495 /* SlideCell.xib */; };
		4D0F4C282A14F12300516495 /* LoginViewController.swift in Sources */ = {isa = PBXBuildFile; fileRef = 4D0F4C272A14F12300516495 /* LoginViewController.swift */; };
		4D0F4C2B2A14F13D00516495 /* SignupViewController.swift in Sources */ = {isa = PBXBuildFile; fileRef = 4D0F4C2A2A14F13D00516495 /* SignupViewController.swift */; };
		4D0F4C2E2A14F15E00516495 /* ForgotPasswordViewController.swift in Sources */ = {isa = PBXBuildFile; fileRef = 4D0F4C2D2A14F15E00516495 /* ForgotPasswordViewController.swift */; };
		4D0F4C302A14F6D600516495 /* IntroModel.swift in Sources */ = {isa = PBXBuildFile; fileRef = 4D0F4C2F2A14F6D500516495 /* IntroModel.swift */; };
		4D0F4C332A15241300516495 /* UIView+Extension.swift in Sources */ = {isa = PBXBuildFile; fileRef = 4D0F4C322A15241300516495 /* UIView+Extension.swift */; };
		4D0F4C352A153C7B00516495 /* UIViewControllers+Alerts.swift in Sources */ = {isa = PBXBuildFile; fileRef = 4D0F4C342A153C7B00516495 /* UIViewControllers+Alerts.swift */; };
		4D0F4C382A153DBB00516495 /* HomeViewController.swift in Sources */ = {isa = PBXBuildFile; fileRef = 4D0F4C372A153DBB00516495 /* HomeViewController.swift */; };
		4D0F4C3A2A1541B900516495 /* UserDefaults+Extension.swift in Sources */ = {isa = PBXBuildFile; fileRef = 4D0F4C392A1541B900516495 /* UserDefaults+Extension.swift */; };
		4D0F4C3C2A15431A00516495 /* UIViewController+Extension.swift in Sources */ = {isa = PBXBuildFile; fileRef = 4D0F4C3B2A15431A00516495 /* UIViewController+Extension.swift */; };
		4D0F4C3E2A154A1900516495 /* GoogleService-Info.plist in Resources */ = {isa = PBXBuildFile; fileRef = 4D0F4C3D2A154A1900516495 /* GoogleService-Info.plist */; };
		4D0F4C412A1594C000516495 /* SettingsViewController.swift in Sources */ = {isa = PBXBuildFile; fileRef = 4D0F4C402A1594C000516495 /* SettingsViewController.swift */; };
		4D2670CB2A2758DA0036F34A /* SideBarCell.swift in Sources */ = {isa = PBXBuildFile; fileRef = 4D2670C92A2758DA0036F34A /* SideBarCell.swift */; };
		4D2670CC2A2758DA0036F34A /* SideBarCell.xib in Resources */ = {isa = PBXBuildFile; fileRef = 4D2670CA2A2758DA0036F34A /* SideBarCell.xib */; };
		4D2670CE2A277C410036F34A /* Post.swift in Sources */ = {isa = PBXBuildFile; fileRef = 4D2670CD2A277C410036F34A /* Post.swift */; };
		4D2B13342A1EB3710041C610 /* LoginViewModel.swift in Sources */ = {isa = PBXBuildFile; fileRef = 4D2B13332A1EB3710041C610 /* LoginViewModel.swift */; };
		4D2B13362A1EB38B0041C610 /* SignupViewModel.swift in Sources */ = {isa = PBXBuildFile; fileRef = 4D2B13352A1EB38B0041C610 /* SignupViewModel.swift */; };
		4D2B13382A1EB3A10041C610 /* ForgotPasswordViewModel.swift in Sources */ = {isa = PBXBuildFile; fileRef = 4D2B13372A1EB3A10041C610 /* ForgotPasswordViewModel.swift */; };
		4D34D4452A16DB1100BD3167 /* TabBaarViewController.swift in Sources */ = {isa = PBXBuildFile; fileRef = 4D34D4442A16DB1100BD3167 /* TabBaarViewController.swift */; };
		4D64DB8A2A1E2BE00053C5E2 /* RootView.swift in Sources */ = {isa = PBXBuildFile; fileRef = 4D64DB892A1E2BE00053C5E2 /* RootView.swift */; };
		4D680EB52A1B7C420092E3C0 /* LostFound_CoreData.xcdatamodeld in Sources */ = {isa = PBXBuildFile; fileRef = 4D680EB32A1B7C420092E3C0 /* LostFound_CoreData.xcdatamodeld */; };
		4D97B16A2A1CC7DE0062B3D6 /* LocationDetailsViewController.swift in Sources */ = {isa = PBXBuildFile; fileRef = 4D97B1692A1CC7DE0062B3D6 /* LocationDetailsViewController.swift */; };
		4D97B1702A1CE6B20062B3D6 /* LostFoundApp.swift in Sources */ = {isa = PBXBuildFile; fileRef = 4D97B16F2A1CE6B20062B3D6 /* LostFoundApp.swift */; };
		4DA1872D2A2F79BD0015AA0B /* RecentPostsViewController.swift in Sources */ = {isa = PBXBuildFile; fileRef = 4DA1872C2A2F79BD0015AA0B /* RecentPostsViewController.swift */; };
		4DA187332A2F7D180015AA0B /* SavedPostCell.swift in Sources */ = {isa = PBXBuildFile; fileRef = 4DA187312A2F7D180015AA0B /* SavedPostCell.swift */; };
		4DA187342A2F7D180015AA0B /* SavedPostCell.xib in Resources */ = {isa = PBXBuildFile; fileRef = 4DA187322A2F7D180015AA0B /* SavedPostCell.xib */; };
		4DC8C3392A25F779003C8426 /* Constans.swift in Sources */ = {isa = PBXBuildFile; fileRef = 4DC8C3382A25F779003C8426 /* Constans.swift */; };
		4DC8C3522A27564A003C8426 /* PostCell.swift in Sources */ = {isa = PBXBuildFile; fileRef = 4DC8C3502A27564A003C8426 /* PostCell.swift */; };
		4DC8C3532A27564A003C8426 /* PostCell.xib in Resources */ = {isa = PBXBuildFile; fileRef = 4DC8C3512A27564A003C8426 /* PostCell.xib */; };
		4DD366242A1C4CAF003E8B60 /* LocationsDataService.swift in Sources */ = {isa = PBXBuildFile; fileRef = 4DD366232A1C4CAF003E8B60 /* LocationsDataService.swift */; };
		4DD366262A1C4CEF003E8B60 /* LocationsViewModel.swift in Sources */ = {isa = PBXBuildFile; fileRef = 4DD366252A1C4CEF003E8B60 /* LocationsViewModel.swift */; };
		4DD366292A1C4D33003E8B60 /* LocationDetailView.swift in Sources */ = {isa = PBXBuildFile; fileRef = 4DD366282A1C4D33003E8B60 /* LocationDetailView.swift */; };
		4DD3662B2A1C4D4F003E8B60 /* LocationMapAnnotationView.swift in Sources */ = {isa = PBXBuildFile; fileRef = 4DD3662A2A1C4D4F003E8B60 /* LocationMapAnnotationView.swift */; };
		4DD3662D2A1C4D67003E8B60 /* LocationPreviewView.swift in Sources */ = {isa = PBXBuildFile; fileRef = 4DD3662C2A1C4D67003E8B60 /* LocationPreviewView.swift */; };
		4DD3662F2A1C4D79003E8B60 /* LocationListView.swift in Sources */ = {isa = PBXBuildFile; fileRef = 4DD3662E2A1C4D79003E8B60 /* LocationListView.swift */; };
		4DD366312A1C4D89003E8B60 /* LocationsView.swift in Sources */ = {isa = PBXBuildFile; fileRef = 4DD366302A1C4D89003E8B60 /* LocationsView.swift */; };
		4DD366332A1C4DE8003E8B60 /* Location.swift in Sources */ = {isa = PBXBuildFile; fileRef = 4DD366322A1C4DE8003E8B60 /* Location.swift */; };
		4DDAF4172A24C9FF007049CE /* HomeViewModel.swift in Sources */ = {isa = PBXBuildFile; fileRef = 4DDAF4162A24C9FF007049CE /* HomeViewModel.swift */; };
		4DDAF4252A24E6CE007049CE /* LexendDeca-Light.ttf in Resources */ = {isa = PBXBuildFile; fileRef = 4DDAF41F2A24E6CE007049CE /* LexendDeca-Light.ttf */; };
		4DDAF4262A24E6CE007049CE /* LexendDeca-Medium.ttf in Resources */ = {isa = PBXBuildFile; fileRef = 4DDAF4202A24E6CE007049CE /* LexendDeca-Medium.ttf */; };
		4DDAF4272A24E6CE007049CE /* LexendDeca-Regular.ttf in Resources */ = {isa = PBXBuildFile; fileRef = 4DDAF4212A24E6CE007049CE /* LexendDeca-Regular.ttf */; };
		4DDAF4282A24E6CE007049CE /* LexendDeca-Thin.ttf in Resources */ = {isa = PBXBuildFile; fileRef = 4DDAF4222A24E6CE007049CE /* LexendDeca-Thin.ttf */; };
		4DDAF4292A24E6CE007049CE /* LexendDeca-ExtraLight.ttf in Resources */ = {isa = PBXBuildFile; fileRef = 4DDAF4232A24E6CE007049CE /* LexendDeca-ExtraLight.ttf */; };
		4DDAF42A2A24E6CE007049CE /* LexendDeca-SemiBold.ttf in Resources */ = {isa = PBXBuildFile; fileRef = 4DDAF4242A24E6CE007049CE /* LexendDeca-SemiBold.ttf */; };
		4DDAF42C2A24E743007049CE /* Fonts.swift in Sources */ = {isa = PBXBuildFile; fileRef = 4DDAF42B2A24E743007049CE /* Fonts.swift */; };
		4DE535F42A1FB2B700073864 /* ProfileViewController.swift in Sources */ = {isa = PBXBuildFile; fileRef = 4DE535F32A1FB2B700073864 /* ProfileViewController.swift */; };
		4DE535F62A1FB75700073864 /* User.swift in Sources */ = {isa = PBXBuildFile; fileRef = 4DE535F52A1FB75700073864 /* User.swift */; };
		4DE535F92A210A9E00073864 /* PostViewController.swift in Sources */ = {isa = PBXBuildFile; fileRef = 4DE535F82A210A9E00073864 /* PostViewController.swift */; };
/* End PBXBuildFile section */

/* Begin PBXFileReference section */
		0235B3FEE47E38C288F08FE9 /* Pods_Lost_Found.framework */ = {isa = PBXFileReference; explicitFileType = wrapper.framework; includeInIndex = 0; path = Pods_Lost_Found.framework; sourceTree = BUILT_PRODUCTS_DIR; };
		4D0F4C062A14EC9000516495 /* Lost&Found.app */ = {isa = PBXFileReference; explicitFileType = wrapper.application; includeInIndex = 0; path = "Lost&Found.app"; sourceTree = BUILT_PRODUCTS_DIR; };
		4D0F4C092A14EC9000516495 /* AppDelegate.swift */ = {isa = PBXFileReference; lastKnownFileType = sourcecode.swift; path = AppDelegate.swift; sourceTree = "<group>"; };
		4D0F4C0B2A14EC9000516495 /* SceneDelegate.swift */ = {isa = PBXFileReference; lastKnownFileType = sourcecode.swift; path = SceneDelegate.swift; sourceTree = "<group>"; };
		4D0F4C0D2A14EC9000516495 /* IntroViewController.swift */ = {isa = PBXFileReference; lastKnownFileType = sourcecode.swift; path = IntroViewController.swift; sourceTree = "<group>"; };
		4D0F4C102A14EC9000516495 /* Base */ = {isa = PBXFileReference; lastKnownFileType = file.storyboard; name = Base; path = Base.lproj/Main.storyboard; sourceTree = "<group>"; };
		4D0F4C122A14EC9100516495 /* Assets.xcassets */ = {isa = PBXFileReference; lastKnownFileType = folder.assetcatalog; path = Assets.xcassets; sourceTree = "<group>"; };
		4D0F4C152A14EC9100516495 /* Base */ = {isa = PBXFileReference; lastKnownFileType = file.storyboard; name = Base; path = Base.lproj/LaunchScreen.storyboard; sourceTree = "<group>"; };
		4D0F4C172A14EC9100516495 /* Info.plist */ = {isa = PBXFileReference; lastKnownFileType = text.plist.xml; path = Info.plist; sourceTree = "<group>"; };
		4D0F4C212A14F0E100516495 /* SlideCell.swift */ = {isa = PBXFileReference; lastKnownFileType = sourcecode.swift; path = SlideCell.swift; sourceTree = "<group>"; };
		4D0F4C222A14F0E100516495 /* SlideCell.xib */ = {isa = PBXFileReference; lastKnownFileType = file.xib; path = SlideCell.xib; sourceTree = "<group>"; };
		4D0F4C272A14F12300516495 /* LoginViewController.swift */ = {isa = PBXFileReference; lastKnownFileType = sourcecode.swift; path = LoginViewController.swift; sourceTree = "<group>"; };
		4D0F4C2A2A14F13D00516495 /* SignupViewController.swift */ = {isa = PBXFileReference; lastKnownFileType = sourcecode.swift; path = SignupViewController.swift; sourceTree = "<group>"; };
		4D0F4C2D2A14F15E00516495 /* ForgotPasswordViewController.swift */ = {isa = PBXFileReference; lastKnownFileType = sourcecode.swift; path = ForgotPasswordViewController.swift; sourceTree = "<group>"; };
		4D0F4C2F2A14F6D500516495 /* IntroModel.swift */ = {isa = PBXFileReference; lastKnownFileType = sourcecode.swift; path = IntroModel.swift; sourceTree = "<group>"; };
		4D0F4C322A15241300516495 /* UIView+Extension.swift */ = {isa = PBXFileReference; lastKnownFileType = sourcecode.swift; path = "UIView+Extension.swift"; sourceTree = "<group>"; };
		4D0F4C342A153C7B00516495 /* UIViewControllers+Alerts.swift */ = {isa = PBXFileReference; lastKnownFileType = sourcecode.swift; path = "UIViewControllers+Alerts.swift"; sourceTree = "<group>"; };
		4D0F4C372A153DBB00516495 /* HomeViewController.swift */ = {isa = PBXFileReference; lastKnownFileType = sourcecode.swift; path = HomeViewController.swift; sourceTree = "<group>"; };
		4D0F4C392A1541B900516495 /* UserDefaults+Extension.swift */ = {isa = PBXFileReference; lastKnownFileType = sourcecode.swift; path = "UserDefaults+Extension.swift"; sourceTree = "<group>"; };
		4D0F4C3B2A15431A00516495 /* UIViewController+Extension.swift */ = {isa = PBXFileReference; lastKnownFileType = sourcecode.swift; path = "UIViewController+Extension.swift"; sourceTree = "<group>"; };
		4D0F4C3D2A154A1900516495 /* GoogleService-Info.plist */ = {isa = PBXFileReference; fileEncoding = 4; lastKnownFileType = text.plist.xml; name = "GoogleService-Info.plist"; path = "../../../Downloads/GoogleService-Info.plist"; sourceTree = "<group>"; };
		4D0F4C402A1594C000516495 /* SettingsViewController.swift */ = {isa = PBXFileReference; lastKnownFileType = sourcecode.swift; path = SettingsViewController.swift; sourceTree = "<group>"; };
		4D2670C92A2758DA0036F34A /* SideBarCell.swift */ = {isa = PBXFileReference; lastKnownFileType = sourcecode.swift; path = SideBarCell.swift; sourceTree = "<group>"; };
		4D2670CA2A2758DA0036F34A /* SideBarCell.xib */ = {isa = PBXFileReference; lastKnownFileType = file.xib; path = SideBarCell.xib; sourceTree = "<group>"; };
		4D2670CD2A277C410036F34A /* Post.swift */ = {isa = PBXFileReference; lastKnownFileType = sourcecode.swift; path = Post.swift; sourceTree = "<group>"; };
		4D2B13332A1EB3710041C610 /* LoginViewModel.swift */ = {isa = PBXFileReference; lastKnownFileType = sourcecode.swift; path = LoginViewModel.swift; sourceTree = "<group>"; };
		4D2B13352A1EB38B0041C610 /* SignupViewModel.swift */ = {isa = PBXFileReference; lastKnownFileType = sourcecode.swift; path = SignupViewModel.swift; sourceTree = "<group>"; };
		4D2B13372A1EB3A10041C610 /* ForgotPasswordViewModel.swift */ = {isa = PBXFileReference; lastKnownFileType = sourcecode.swift; path = ForgotPasswordViewModel.swift; sourceTree = "<group>"; };
		4D34D4442A16DB1100BD3167 /* TabBaarViewController.swift */ = {isa = PBXFileReference; lastKnownFileType = sourcecode.swift; path = TabBaarViewController.swift; sourceTree = "<group>"; };
		4D64DB892A1E2BE00053C5E2 /* RootView.swift */ = {isa = PBXFileReference; lastKnownFileType = sourcecode.swift; path = RootView.swift; sourceTree = "<group>"; };
		4D680EB42A1B7C420092E3C0 /* LostFound_CoreData.xcdatamodel */ = {isa = PBXFileReference; lastKnownFileType = wrapper.xcdatamodel; path = LostFound_CoreData.xcdatamodel; sourceTree = "<group>"; };
		4D97B1692A1CC7DE0062B3D6 /* LocationDetailsViewController.swift */ = {isa = PBXFileReference; lastKnownFileType = sourcecode.swift; path = LocationDetailsViewController.swift; sourceTree = "<group>"; };
		4D97B16F2A1CE6B20062B3D6 /* LostFoundApp.swift */ = {isa = PBXFileReference; lastKnownFileType = sourcecode.swift; path = LostFoundApp.swift; sourceTree = "<group>"; };
		4DA1872C2A2F79BD0015AA0B /* RecentPostsViewController.swift */ = {isa = PBXFileReference; lastKnownFileType = sourcecode.swift; path = RecentPostsViewController.swift; sourceTree = "<group>"; };
		4DA187312A2F7D180015AA0B /* SavedPostCell.swift */ = {isa = PBXFileReference; lastKnownFileType = sourcecode.swift; path = SavedPostCell.swift; sourceTree = "<group>"; };
		4DA187322A2F7D180015AA0B /* SavedPostCell.xib */ = {isa = PBXFileReference; lastKnownFileType = file.xib; path = SavedPostCell.xib; sourceTree = "<group>"; };
		4DC8C3382A25F779003C8426 /* Constans.swift */ = {isa = PBXFileReference; lastKnownFileType = sourcecode.swift; path = Constans.swift; sourceTree = "<group>"; };
		4DC8C3502A27564A003C8426 /* PostCell.swift */ = {isa = PBXFileReference; lastKnownFileType = sourcecode.swift; path = PostCell.swift; sourceTree = "<group>"; };
		4DC8C3512A27564A003C8426 /* PostCell.xib */ = {isa = PBXFileReference; lastKnownFileType = file.xib; path = PostCell.xib; sourceTree = "<group>"; };
		4DD366232A1C4CAF003E8B60 /* LocationsDataService.swift */ = {isa = PBXFileReference; lastKnownFileType = sourcecode.swift; path = LocationsDataService.swift; sourceTree = "<group>"; };
		4DD366252A1C4CEF003E8B60 /* LocationsViewModel.swift */ = {isa = PBXFileReference; lastKnownFileType = sourcecode.swift; path = LocationsViewModel.swift; sourceTree = "<group>"; };
		4DD366282A1C4D33003E8B60 /* LocationDetailView.swift */ = {isa = PBXFileReference; lastKnownFileType = sourcecode.swift; path = LocationDetailView.swift; sourceTree = "<group>"; };
		4DD3662A2A1C4D4F003E8B60 /* LocationMapAnnotationView.swift */ = {isa = PBXFileReference; lastKnownFileType = sourcecode.swift; path = LocationMapAnnotationView.swift; sourceTree = "<group>"; };
		4DD3662C2A1C4D67003E8B60 /* LocationPreviewView.swift */ = {isa = PBXFileReference; lastKnownFileType = sourcecode.swift; path = LocationPreviewView.swift; sourceTree = "<group>"; };
		4DD3662E2A1C4D79003E8B60 /* LocationListView.swift */ = {isa = PBXFileReference; lastKnownFileType = sourcecode.swift; path = LocationListView.swift; sourceTree = "<group>"; };
		4DD366302A1C4D89003E8B60 /* LocationsView.swift */ = {isa = PBXFileReference; lastKnownFileType = sourcecode.swift; path = LocationsView.swift; sourceTree = "<group>"; };
		4DD366322A1C4DE8003E8B60 /* Location.swift */ = {isa = PBXFileReference; lastKnownFileType = sourcecode.swift; path = Location.swift; sourceTree = "<group>"; };
		4DDAF4162A24C9FF007049CE /* HomeViewModel.swift */ = {isa = PBXFileReference; lastKnownFileType = sourcecode.swift; path = HomeViewModel.swift; sourceTree = "<group>"; };
		4DDAF41B2A24D4A0007049CE /* firebase-ios-sdk-master */ = {isa = PBXFileReference; lastKnownFileType = wrapper; name = "firebase-ios-sdk-master"; path = "../../Downloads/firebase-ios-sdk-master"; sourceTree = "<group>"; };
		4DDAF41F2A24E6CE007049CE /* LexendDeca-Light.ttf */ = {isa = PBXFileReference; lastKnownFileType = file; path = "LexendDeca-Light.ttf"; sourceTree = "<group>"; };
		4DDAF4202A24E6CE007049CE /* LexendDeca-Medium.ttf */ = {isa = PBXFileReference; lastKnownFileType = file; path = "LexendDeca-Medium.ttf"; sourceTree = "<group>"; };
		4DDAF4212A24E6CE007049CE /* LexendDeca-Regular.ttf */ = {isa = PBXFileReference; lastKnownFileType = file; path = "LexendDeca-Regular.ttf"; sourceTree = "<group>"; };
		4DDAF4222A24E6CE007049CE /* LexendDeca-Thin.ttf */ = {isa = PBXFileReference; lastKnownFileType = file; path = "LexendDeca-Thin.ttf"; sourceTree = "<group>"; };
		4DDAF4232A24E6CE007049CE /* LexendDeca-ExtraLight.ttf */ = {isa = PBXFileReference; lastKnownFileType = file; path = "LexendDeca-ExtraLight.ttf"; sourceTree = "<group>"; };
		4DDAF4242A24E6CE007049CE /* LexendDeca-SemiBold.ttf */ = {isa = PBXFileReference; lastKnownFileType = file; path = "LexendDeca-SemiBold.ttf"; sourceTree = "<group>"; };
		4DDAF42B2A24E743007049CE /* Fonts.swift */ = {isa = PBXFileReference; lastKnownFileType = sourcecode.swift; path = Fonts.swift; sourceTree = "<group>"; };
		4DE535F32A1FB2B700073864 /* ProfileViewController.swift */ = {isa = PBXFileReference; lastKnownFileType = sourcecode.swift; path = ProfileViewController.swift; sourceTree = "<group>"; };
		4DE535F52A1FB75700073864 /* User.swift */ = {isa = PBXFileReference; lastKnownFileType = sourcecode.swift; path = User.swift; sourceTree = "<group>"; };
		4DE535F82A210A9E00073864 /* PostViewController.swift */ = {isa = PBXFileReference; lastKnownFileType = sourcecode.swift; path = PostViewController.swift; sourceTree = "<group>"; };
		A60CD1E6D5713D718DABFBC9 /* Pods-Lost&Found.debug.xcconfig */ = {isa = PBXFileReference; includeInIndex = 1; lastKnownFileType = text.xcconfig; name = "Pods-Lost&Found.debug.xcconfig"; path = "Target Support Files/Pods-Lost&Found/Pods-Lost&Found.debug.xcconfig"; sourceTree = "<group>"; };
		F352C7B2CC3419E02F6CE938 /* Pods-Lost&Found.release.xcconfig */ = {isa = PBXFileReference; includeInIndex = 1; lastKnownFileType = text.xcconfig; name = "Pods-Lost&Found.release.xcconfig"; path = "Target Support Files/Pods-Lost&Found/Pods-Lost&Found.release.xcconfig"; sourceTree = "<group>"; };
/* End PBXFileReference section */

/* Begin PBXFrameworksBuildPhase section */
		4D0F4C032A14EC9000516495 /* Frameworks */ = {
			isa = PBXFrameworksBuildPhase;
			buildActionMask = 2147483647;
			files = (
				46D6AACB3A70F7828C4C3DC0 /* Pods_Lost_Found.framework in Frameworks */,
			);
			runOnlyForDeploymentPostprocessing = 0;
		};
/* End PBXFrameworksBuildPhase section */

/* Begin PBXGroup section */
		4D0F4BFD2A14EC9000516495 = {
			isa = PBXGroup;
			children = (
				4DDAF41A2A24D49F007049CE /* Packages */,
				4D0F4C082A14EC9000516495 /* Lost&Found */,
				4D0F4C072A14EC9000516495 /* Products */,
				C2442DA022D8F24E9001E182 /* Pods */,
				952CA6BAEEB392651769A5CA /* Frameworks */,
			);
			sourceTree = "<group>";
		};
		4D0F4C072A14EC9000516495 /* Products */ = {
			isa = PBXGroup;
			children = (
				4D0F4C062A14EC9000516495 /* Lost&Found.app */,
			);
			name = Products;
			sourceTree = "<group>";
		};
		4D0F4C082A14EC9000516495 /* Lost&Found */ = {
			isa = PBXGroup;
			children = (
				4D0F4C3D2A154A1900516495 /* GoogleService-Info.plist */,
				4D0F4C172A14EC9100516495 /* Info.plist */,
				4D680EB32A1B7C420092E3C0 /* LostFound_CoreData.xcdatamodeld */,
				4D97B16F2A1CE6B20062B3D6 /* LostFoundApp.swift */,
				4D0F4C092A14EC9000516495 /* AppDelegate.swift */,
				4D0F4C0B2A14EC9000516495 /* SceneDelegate.swift */,
				4D0F4C312A1523C600516495 /* Extension */,
				4DD366222A1C4C96003E8B60 /* DataService */,
				4D0F4C1F2A14ECA400516495 /* Model */,
				4D0F4C1E2A14ECA100516495 /* ViewModel */,
				4D0F4C1D2A14EC9E00516495 /* View */,
				4D0F4C0F2A14EC9000516495 /* Main.storyboard */,
				4D0F4C142A14EC9100516495 /* LaunchScreen.storyboard */,
				4DDAF41E2A24E6CE007049CE /* Fonts */,
				4D0F4C122A14EC9100516495 /* Assets.xcassets */,
			);
			path = "Lost&Found";
			sourceTree = "<group>";
		};
		4D0F4C1D2A14EC9E00516495 /* View */ = {
			isa = PBXGroup;
			children = (
				4DE535F12A1FB27700073864 /* ProfileScreen */,
				4D0F4C3F2A1594A900516495 /* SettingsScreen */,
				4DA1872B2A2F79350015AA0B /* RecentPosts */,
				4DE535F72A210A8600073864 /* PostScreen */,
				4D680EB02A1B7A090092E3C0 /* LocationScreen */,
				4D0F4C362A153DA500516495 /* HomeScreen */,
				4D0F4C422A1596A600516495 /* TabBar */,
				4D0F4C2C2A14F14200516495 /* ForgotPasswordScreen */,
				4D0F4C292A14F12900516495 /* SigupScreen */,
				4D0F4C262A14F10500516495 /* LoginScreen */,
				4D0F4C202A14EDB300516495 /* IntroScreen */,
				4D64DB892A1E2BE00053C5E2 /* RootView.swift */,
			);
			path = View;
			sourceTree = "<group>";
		};
		4D0F4C1E2A14ECA100516495 /* ViewModel */ = {
			isa = PBXGroup;
			children = (
				4DD366252A1C4CEF003E8B60 /* LocationsViewModel.swift */,
				4D2B13332A1EB3710041C610 /* LoginViewModel.swift */,
				4D2B13352A1EB38B0041C610 /* SignupViewModel.swift */,
				4D2B13372A1EB3A10041C610 /* ForgotPasswordViewModel.swift */,
				4DDAF4162A24C9FF007049CE /* HomeViewModel.swift */,
			);
			path = ViewModel;
			sourceTree = "<group>";
		};
		4D0F4C1F2A14ECA400516495 /* Model */ = {
			isa = PBXGroup;
			children = (
				4D0F4C2F2A14F6D500516495 /* IntroModel.swift */,
				4DD366322A1C4DE8003E8B60 /* Location.swift */,
				4DE535F52A1FB75700073864 /* User.swift */,
				4D2670CD2A277C410036F34A /* Post.swift */,
			);
			path = Model;
			sourceTree = "<group>";
		};
		4D0F4C202A14EDB300516495 /* IntroScreen */ = {
			isa = PBXGroup;
			children = (
				4D0F4C0D2A14EC9000516495 /* IntroViewController.swift */,
				4D0F4C252A14F0EC00516495 /* Cell */,
			);
			path = IntroScreen;
			sourceTree = "<group>";
		};
		4D0F4C252A14F0EC00516495 /* Cell */ = {
			isa = PBXGroup;
			children = (
				4D0F4C212A14F0E100516495 /* SlideCell.swift */,
				4D0F4C222A14F0E100516495 /* SlideCell.xib */,
			);
			path = Cell;
			sourceTree = "<group>";
		};
		4D0F4C262A14F10500516495 /* LoginScreen */ = {
			isa = PBXGroup;
			children = (
				4D0F4C272A14F12300516495 /* LoginViewController.swift */,
			);
			path = LoginScreen;
			sourceTree = "<group>";
		};
		4D0F4C292A14F12900516495 /* SigupScreen */ = {
			isa = PBXGroup;
			children = (
				4D0F4C2A2A14F13D00516495 /* SignupViewController.swift */,
			);
			path = SigupScreen;
			sourceTree = "<group>";
		};
		4D0F4C2C2A14F14200516495 /* ForgotPasswordScreen */ = {
			isa = PBXGroup;
			children = (
				4D0F4C2D2A14F15E00516495 /* ForgotPasswordViewController.swift */,
			);
			path = ForgotPasswordScreen;
			sourceTree = "<group>";
		};
		4D0F4C312A1523C600516495 /* Extension */ = {
			isa = PBXGroup;
			children = (
				4D0F4C322A15241300516495 /* UIView+Extension.swift */,
				4D0F4C342A153C7B00516495 /* UIViewControllers+Alerts.swift */,
				4D0F4C392A1541B900516495 /* UserDefaults+Extension.swift */,
				4D0F4C3B2A15431A00516495 /* UIViewController+Extension.swift */,
				4DDAF42B2A24E743007049CE /* Fonts.swift */,
				4DC8C3382A25F779003C8426 /* Constans.swift */,
			);
			path = Extension;
			sourceTree = "<group>";
		};
		4D0F4C362A153DA500516495 /* HomeScreen */ = {
			isa = PBXGroup;
			children = (
				4D2670C82A2758910036F34A /* SideBarCell */,
				4DC8C3422A26046C003C8426 /* PostCell */,
				4D0F4C372A153DBB00516495 /* HomeViewController.swift */,
			);
			path = HomeScreen;
			sourceTree = "<group>";
		};
		4D0F4C3F2A1594A900516495 /* SettingsScreen */ = {
			isa = PBXGroup;
			children = (
				4D0F4C402A1594C000516495 /* SettingsViewController.swift */,
			);
			path = SettingsScreen;
			sourceTree = "<group>";
		};
		4D0F4C422A1596A600516495 /* TabBar */ = {
			isa = PBXGroup;
			children = (
				4D34D4442A16DB1100BD3167 /* TabBaarViewController.swift */,
			);
			path = TabBar;
			sourceTree = "<group>";
		};
		4D2670C82A2758910036F34A /* SideBarCell */ = {
			isa = PBXGroup;
			children = (
				4D2670C92A2758DA0036F34A /* SideBarCell.swift */,
				4D2670CA2A2758DA0036F34A /* SideBarCell.xib */,
			);
			path = SideBarCell;
			sourceTree = "<group>";
		};
		4D680EB02A1B7A090092E3C0 /* LocationScreen */ = {
			isa = PBXGroup;
			children = (
				4DD366272A1C4D15003E8B60 /* LocationSwiftUI */,
				4D97B1692A1CC7DE0062B3D6 /* LocationDetailsViewController.swift */,
			);
			path = LocationScreen;
			sourceTree = "<group>";
		};
		4DA1872B2A2F79350015AA0B /* RecentPosts */ = {
			isa = PBXGroup;
			children = (
				4DA1872E2A2F7CB00015AA0B /* SavedCell */,
				4DA1872C2A2F79BD0015AA0B /* RecentPostsViewController.swift */,
			);
			path = RecentPosts;
			sourceTree = "<group>";
		};
		4DA1872E2A2F7CB00015AA0B /* SavedCell */ = {
			isa = PBXGroup;
			children = (
				4DA187312A2F7D180015AA0B /* SavedPostCell.swift */,
				4DA187322A2F7D180015AA0B /* SavedPostCell.xib */,
			);
			path = SavedCell;
			sourceTree = "<group>";
		};
		4DC8C3422A26046C003C8426 /* PostCell */ = {
			isa = PBXGroup;
			children = (
				4DC8C3502A27564A003C8426 /* PostCell.swift */,
				4DC8C3512A27564A003C8426 /* PostCell.xib */,
			);
			path = PostCell;
			sourceTree = "<group>";
		};
		4DD366222A1C4C96003E8B60 /* DataService */ = {
			isa = PBXGroup;
			children = (
				4DD366232A1C4CAF003E8B60 /* LocationsDataService.swift */,
			);
			path = DataService;
			sourceTree = "<group>";
		};
		4DD366272A1C4D15003E8B60 /* LocationSwiftUI */ = {
			isa = PBXGroup;
			children = (
				4DD366302A1C4D89003E8B60 /* LocationsView.swift */,
				4DD3662E2A1C4D79003E8B60 /* LocationListView.swift */,
				4DD3662C2A1C4D67003E8B60 /* LocationPreviewView.swift */,
				4DD3662A2A1C4D4F003E8B60 /* LocationMapAnnotationView.swift */,
				4DD366282A1C4D33003E8B60 /* LocationDetailView.swift */,
			);
			path = LocationSwiftUI;
			sourceTree = "<group>";
		};
		4DDAF41A2A24D49F007049CE /* Packages */ = {
			isa = PBXGroup;
			children = (
				4DDAF41B2A24D4A0007049CE /* firebase-ios-sdk-master */,
			);
			name = Packages;
			sourceTree = "<group>";
		};
		4DDAF41E2A24E6CE007049CE /* Fonts */ = {
			isa = PBXGroup;
			children = (
				4DDAF41F2A24E6CE007049CE /* LexendDeca-Light.ttf */,
				4DDAF4202A24E6CE007049CE /* LexendDeca-Medium.ttf */,
				4DDAF4212A24E6CE007049CE /* LexendDeca-Regular.ttf */,
				4DDAF4222A24E6CE007049CE /* LexendDeca-Thin.ttf */,
				4DDAF4232A24E6CE007049CE /* LexendDeca-ExtraLight.ttf */,
				4DDAF4242A24E6CE007049CE /* LexendDeca-SemiBold.ttf */,
			);
			path = Fonts;
			sourceTree = "<group>";
		};
		4DE535F12A1FB27700073864 /* ProfileScreen */ = {
			isa = PBXGroup;
			children = (
				4DE535F32A1FB2B700073864 /* ProfileViewController.swift */,
			);
			path = ProfileScreen;
			sourceTree = "<group>";
		};
		4DE535F72A210A8600073864 /* PostScreen */ = {
			isa = PBXGroup;
			children = (
				4DE535F82A210A9E00073864 /* PostViewController.swift */,
			);
			path = PostScreen;
			sourceTree = "<group>";
		};
		952CA6BAEEB392651769A5CA /* Frameworks */ = {
			isa = PBXGroup;
			children = (
				0235B3FEE47E38C288F08FE9 /* Pods_Lost_Found.framework */,
			);
			name = Frameworks;
			sourceTree = "<group>";
		};
		C2442DA022D8F24E9001E182 /* Pods */ = {
			isa = PBXGroup;
			children = (
				A60CD1E6D5713D718DABFBC9 /* Pods-Lost&Found.debug.xcconfig */,
				F352C7B2CC3419E02F6CE938 /* Pods-Lost&Found.release.xcconfig */,
			);
			path = Pods;
			sourceTree = "<group>";
		};
/* End PBXGroup section */

/* Begin PBXNativeTarget section */
		4D0F4C052A14EC9000516495 /* Lost&Found */ = {
			isa = PBXNativeTarget;
			buildConfigurationList = 4D0F4C1A2A14EC9100516495 /* Build configuration list for PBXNativeTarget "Lost&Found" */;
			buildPhases = (
				CCACE3FE814BCFED1D44FACC /* [CP] Check Pods Manifest.lock */,
				4D0F4C022A14EC9000516495 /* Sources */,
				4D0F4C032A14EC9000516495 /* Frameworks */,
				4D0F4C042A14EC9000516495 /* Resources */,
				170EFDDBCC64D5AF8C83AC60 /* [CP] Embed Pods Frameworks */,
			);
			buildRules = (
			);
			dependencies = (
			);
			name = "Lost&Found";
			productName = "Lost&Found";
			productReference = 4D0F4C062A14EC9000516495 /* Lost&Found.app */;
			productType = "com.apple.product-type.application";
		};
/* End PBXNativeTarget section */

/* Begin PBXProject section */
		4D0F4BFE2A14EC9000516495 /* Project object */ = {
			isa = PBXProject;
			attributes = {
				BuildIndependentTargetsInParallel = 1;
				LastSwiftUpdateCheck = 1430;
				LastUpgradeCheck = 1430;
				TargetAttributes = {
					4D0F4C052A14EC9000516495 = {
						CreatedOnToolsVersion = 14.3;
					};
				};
			};
			buildConfigurationList = 4D0F4C012A14EC9000516495 /* Build configuration list for PBXProject "Lost&Found" */;
			compatibilityVersion = "Xcode 14.0";
			developmentRegion = en;
			hasScannedForEncodings = 0;
			knownRegions = (
				en,
				Base,
			);
			mainGroup = 4D0F4BFD2A14EC9000516495;
			productRefGroup = 4D0F4C072A14EC9000516495 /* Products */;
			projectDirPath = "";
			projectRoot = "";
			targets = (
				4D0F4C052A14EC9000516495 /* Lost&Found */,
			);
		};
/* End PBXProject section */

/* Begin PBXResourcesBuildPhase section */
		4D0F4C042A14EC9000516495 /* Resources */ = {
			isa = PBXResourcesBuildPhase;
			buildActionMask = 2147483647;
			files = (
				4DDAF42A2A24E6CE007049CE /* LexendDeca-SemiBold.ttf in Resources */,
				4DA187342A2F7D180015AA0B /* SavedPostCell.xib in Resources */,
				4D0F4C162A14EC9100516495 /* LaunchScreen.storyboard in Resources */,
				4D0F4C132A14EC9100516495 /* Assets.xcassets in Resources */,
				4DDAF4262A24E6CE007049CE /* LexendDeca-Medium.ttf in Resources */,
				4DDAF4252A24E6CE007049CE /* LexendDeca-Light.ttf in Resources */,
				4DDAF4282A24E6CE007049CE /* LexendDeca-Thin.ttf in Resources */,
				4DDAF4292A24E6CE007049CE /* LexendDeca-ExtraLight.ttf in Resources */,
				4D2670CC2A2758DA0036F34A /* SideBarCell.xib in Resources */,
				4DC8C3532A27564A003C8426 /* PostCell.xib in Resources */,
				4D0F4C3E2A154A1900516495 /* GoogleService-Info.plist in Resources */,
				4D0F4C112A14EC9000516495 /* Main.storyboard in Resources */,
				4DDAF4272A24E6CE007049CE /* LexendDeca-Regular.ttf in Resources */,
				4D0F4C242A14F0E100516495 /* SlideCell.xib in Resources */,
			);
			runOnlyForDeploymentPostprocessing = 0;
		};
/* End PBXResourcesBuildPhase section */

/* Begin PBXShellScriptBuildPhase section */
		170EFDDBCC64D5AF8C83AC60 /* [CP] Embed Pods Frameworks */ = {
			isa = PBXShellScriptBuildPhase;
			buildActionMask = 2147483647;
			files = (
			);
			inputFileListPaths = (
				"${PODS_ROOT}/Target Support Files/Pods-Lost&Found/Pods-Lost&Found-frameworks-${CONFIGURATION}-input-files.xcfilelist",
			);
			name = "[CP] Embed Pods Frameworks";
			outputFileListPaths = (
				"${PODS_ROOT}/Target Support Files/Pods-Lost&Found/Pods-Lost&Found-frameworks-${CONFIGURATION}-output-files.xcfilelist",
			);
			runOnlyForDeploymentPostprocessing = 0;
			shellPath = /bin/sh;
			shellScript = "\"${PODS_ROOT}/Target Support Files/Pods-Lost&Found/Pods-Lost&Found-frameworks.sh\"\n";
			showEnvVarsInLog = 0;
		};
		CCACE3FE814BCFED1D44FACC /* [CP] Check Pods Manifest.lock */ = {
			isa = PBXShellScriptBuildPhase;
			buildActionMask = 2147483647;
			files = (
			);
			inputFileListPaths = (
			);
			inputPaths = (
				"${PODS_PODFILE_DIR_PATH}/Podfile.lock",
				"${PODS_ROOT}/Manifest.lock",
			);
			name = "[CP] Check Pods Manifest.lock";
			outputFileListPaths = (
			);
			outputPaths = (
				"$(DERIVED_FILE_DIR)/Pods-Lost&Found-checkManifestLockResult.txt",
			);
			runOnlyForDeploymentPostprocessing = 0;
			shellPath = /bin/sh;
			shellScript = "diff \"${PODS_PODFILE_DIR_PATH}/Podfile.lock\" \"${PODS_ROOT}/Manifest.lock\" > /dev/null\nif [ $? != 0 ] ; then\n    # print error to STDERR\n    echo \"error: The sandbox is not in sync with the Podfile.lock. Run 'pod install' or update your CocoaPods installation.\" >&2\n    exit 1\nfi\n# This output is used by Xcode 'outputs' to avoid re-running this script phase.\necho \"SUCCESS\" > \"${SCRIPT_OUTPUT_FILE_0}\"\n";
			showEnvVarsInLog = 0;
		};
/* End PBXShellScriptBuildPhase section */

/* Begin PBXSourcesBuildPhase section */
		4D0F4C022A14EC9000516495 /* Sources */ = {
			isa = PBXSourcesBuildPhase;
			buildActionMask = 2147483647;
			files = (
				4D0F4C302A14F6D600516495 /* IntroModel.swift in Sources */,
				4D680EB52A1B7C420092E3C0 /* LostFound_CoreData.xcdatamodeld in Sources */,
				4D0F4C3C2A15431A00516495 /* UIViewController+Extension.swift in Sources */,
				4DA1872D2A2F79BD0015AA0B /* RecentPostsViewController.swift in Sources */,
				4DD366262A1C4CEF003E8B60 /* LocationsViewModel.swift in Sources */,
				4DE535F62A1FB75700073864 /* User.swift in Sources */,
				4DA187332A2F7D180015AA0B /* SavedPostCell.swift in Sources */,
				4D0F4C2B2A14F13D00516495 /* SignupViewController.swift in Sources */,
				4D0F4C2E2A14F15E00516495 /* ForgotPasswordViewController.swift in Sources */,
				4D2B13362A1EB38B0041C610 /* SignupViewModel.swift in Sources */,
				4D64DB8A2A1E2BE00053C5E2 /* RootView.swift in Sources */,
				4DDAF4172A24C9FF007049CE /* HomeViewModel.swift in Sources */,
				4D2670CB2A2758DA0036F34A /* SideBarCell.swift in Sources */,
				4D97B16A2A1CC7DE0062B3D6 /* LocationDetailsViewController.swift in Sources */,
				4DD366332A1C4DE8003E8B60 /* Location.swift in Sources */,
				4D0F4C352A153C7B00516495 /* UIViewControllers+Alerts.swift in Sources */,
				4DDAF42C2A24E743007049CE /* Fonts.swift in Sources */,
				4DD366242A1C4CAF003E8B60 /* LocationsDataService.swift in Sources */,
				4DE535F42A1FB2B700073864 /* ProfileViewController.swift in Sources */,
				4D97B1702A1CE6B20062B3D6 /* LostFoundApp.swift in Sources */,
				4D0F4C332A15241300516495 /* UIView+Extension.swift in Sources */,
				4DD3662F2A1C4D79003E8B60 /* LocationListView.swift in Sources */,
				4D0F4C0E2A14EC9000516495 /* IntroViewController.swift in Sources */,
				4D0F4C0A2A14EC9000516495 /* AppDelegate.swift in Sources */,
				4D0F4C382A153DBB00516495 /* HomeViewController.swift in Sources */,
				4DC8C3392A25F779003C8426 /* Constans.swift in Sources */,
				4DC8C3522A27564A003C8426 /* PostCell.swift in Sources */,
				4D0F4C412A1594C000516495 /* SettingsViewController.swift in Sources */,
				4DE535F92A210A9E00073864 /* PostViewController.swift in Sources */,
				4D0F4C0C2A14EC9000516495 /* SceneDelegate.swift in Sources */,
				4DD3662D2A1C4D67003E8B60 /* LocationPreviewView.swift in Sources */,
				4D0F4C282A14F12300516495 /* LoginViewController.swift in Sources */,
				4D2670CE2A277C410036F34A /* Post.swift in Sources */,
				4D2B13342A1EB3710041C610 /* LoginViewModel.swift in Sources */,
				4D0F4C3A2A1541B900516495 /* UserDefaults+Extension.swift in Sources */,
				4D2B13382A1EB3A10041C610 /* ForgotPasswordViewModel.swift in Sources */,
				4DD366292A1C4D33003E8B60 /* LocationDetailView.swift in Sources */,
				4D34D4452A16DB1100BD3167 /* TabBaarViewController.swift in Sources */,
				4D0F4C232A14F0E100516495 /* SlideCell.swift in Sources */,
				4DD366312A1C4D89003E8B60 /* LocationsView.swift in Sources */,
				4DD3662B2A1C4D4F003E8B60 /* LocationMapAnnotationView.swift in Sources */,
			);
			runOnlyForDeploymentPostprocessing = 0;
		};
/* End PBXSourcesBuildPhase section */

/* Begin PBXVariantGroup section */
		4D0F4C0F2A14EC9000516495 /* Main.storyboard */ = {
			isa = PBXVariantGroup;
			children = (
				4D0F4C102A14EC9000516495 /* Base */,
			);
			name = Main.storyboard;
			sourceTree = "<group>";
		};
		4D0F4C142A14EC9100516495 /* LaunchScreen.storyboard */ = {
			isa = PBXVariantGroup;
			children = (
				4D0F4C152A14EC9100516495 /* Base */,
			);
			name = LaunchScreen.storyboard;
			sourceTree = "<group>";
		};
/* End PBXVariantGroup section */

/* Begin XCBuildConfiguration section */
		4D0F4C182A14EC9100516495 /* Debug */ = {
			isa = XCBuildConfiguration;
			buildSettings = {
				ALWAYS_SEARCH_USER_PATHS = NO;
				CLANG_ANALYZER_NONNULL = YES;
				CLANG_ANALYZER_NUMBER_OBJECT_CONVERSION = YES_AGGRESSIVE;
				CLANG_CXX_LANGUAGE_STANDARD = "gnu++20";
				CLANG_ENABLE_MODULES = YES;
				CLANG_ENABLE_OBJC_ARC = YES;
				CLANG_ENABLE_OBJC_WEAK = YES;
				CLANG_WARN_BLOCK_CAPTURE_AUTORELEASING = YES;
				CLANG_WARN_BOOL_CONVERSION = YES;
				CLANG_WARN_COMMA = YES;
				CLANG_WARN_CONSTANT_CONVERSION = YES;
				CLANG_WARN_DEPRECATED_OBJC_IMPLEMENTATIONS = YES;
				CLANG_WARN_DIRECT_OBJC_ISA_USAGE = YES_ERROR;
				CLANG_WARN_DOCUMENTATION_COMMENTS = YES;
				CLANG_WARN_EMPTY_BODY = YES;
				CLANG_WARN_ENUM_CONVERSION = YES;
				CLANG_WARN_INFINITE_RECURSION = YES;
				CLANG_WARN_INT_CONVERSION = YES;
				CLANG_WARN_NON_LITERAL_NULL_CONVERSION = YES;
				CLANG_WARN_OBJC_IMPLICIT_RETAIN_SELF = YES;
				CLANG_WARN_OBJC_LITERAL_CONVERSION = YES;
				CLANG_WARN_OBJC_ROOT_CLASS = YES_ERROR;
				CLANG_WARN_QUOTED_INCLUDE_IN_FRAMEWORK_HEADER = YES;
				CLANG_WARN_RANGE_LOOP_ANALYSIS = YES;
				CLANG_WARN_STRICT_PROTOTYPES = YES;
				CLANG_WARN_SUSPICIOUS_MOVE = YES;
				CLANG_WARN_UNGUARDED_AVAILABILITY = YES_AGGRESSIVE;
				CLANG_WARN_UNREACHABLE_CODE = YES;
				CLANG_WARN__DUPLICATE_METHOD_MATCH = YES;
				COPY_PHASE_STRIP = NO;
				DEBUG_INFORMATION_FORMAT = dwarf;
				ENABLE_STRICT_OBJC_MSGSEND = YES;
				ENABLE_TESTABILITY = YES;
				GCC_C_LANGUAGE_STANDARD = gnu11;
				GCC_DYNAMIC_NO_PIC = NO;
				GCC_NO_COMMON_BLOCKS = YES;
				GCC_OPTIMIZATION_LEVEL = 0;
				GCC_PREPROCESSOR_DEFINITIONS = (
					"DEBUG=1",
					"$(inherited)",
				);
				GCC_WARN_64_TO_32_BIT_CONVERSION = YES;
				GCC_WARN_ABOUT_RETURN_TYPE = YES_ERROR;
				GCC_WARN_UNDECLARED_SELECTOR = YES;
				GCC_WARN_UNINITIALIZED_AUTOS = YES_AGGRESSIVE;
				GCC_WARN_UNUSED_FUNCTION = YES;
				GCC_WARN_UNUSED_VARIABLE = YES;
				IPHONEOS_DEPLOYMENT_TARGET = 16.4;
				MTL_ENABLE_DEBUG_INFO = INCLUDE_SOURCE;
				MTL_FAST_MATH = YES;
				ONLY_ACTIVE_ARCH = YES;
				SDKROOT = iphoneos;
				SWIFT_ACTIVE_COMPILATION_CONDITIONS = DEBUG;
				SWIFT_OPTIMIZATION_LEVEL = "-Onone";
			};
			name = Debug;
		};
		4D0F4C192A14EC9100516495 /* Release */ = {
			isa = XCBuildConfiguration;
			buildSettings = {
				ALWAYS_SEARCH_USER_PATHS = NO;
				CLANG_ANALYZER_NONNULL = YES;
				CLANG_ANALYZER_NUMBER_OBJECT_CONVERSION = YES_AGGRESSIVE;
				CLANG_CXX_LANGUAGE_STANDARD = "gnu++20";
				CLANG_ENABLE_MODULES = YES;
				CLANG_ENABLE_OBJC_ARC = YES;
				CLANG_ENABLE_OBJC_WEAK = YES;
				CLANG_WARN_BLOCK_CAPTURE_AUTORELEASING = YES;
				CLANG_WARN_BOOL_CONVERSION = YES;
				CLANG_WARN_COMMA = YES;
				CLANG_WARN_CONSTANT_CONVERSION = YES;
				CLANG_WARN_DEPRECATED_OBJC_IMPLEMENTATIONS = YES;
				CLANG_WARN_DIRECT_OBJC_ISA_USAGE = YES_ERROR;
				CLANG_WARN_DOCUMENTATION_COMMENTS = YES;
				CLANG_WARN_EMPTY_BODY = YES;
				CLANG_WARN_ENUM_CONVERSION = YES;
				CLANG_WARN_INFINITE_RECURSION = YES;
				CLANG_WARN_INT_CONVERSION = YES;
				CLANG_WARN_NON_LITERAL_NULL_CONVERSION = YES;
				CLANG_WARN_OBJC_IMPLICIT_RETAIN_SELF = YES;
				CLANG_WARN_OBJC_LITERAL_CONVERSION = YES;
				CLANG_WARN_OBJC_ROOT_CLASS = YES_ERROR;
				CLANG_WARN_QUOTED_INCLUDE_IN_FRAMEWORK_HEADER = YES;
				CLANG_WARN_RANGE_LOOP_ANALYSIS = YES;
				CLANG_WARN_STRICT_PROTOTYPES = YES;
				CLANG_WARN_SUSPICIOUS_MOVE = YES;
				CLANG_WARN_UNGUARDED_AVAILABILITY = YES_AGGRESSIVE;
				CLANG_WARN_UNREACHABLE_CODE = YES;
				CLANG_WARN__DUPLICATE_METHOD_MATCH = YES;
				COPY_PHASE_STRIP = NO;
				DEBUG_INFORMATION_FORMAT = "dwarf-with-dsym";
				ENABLE_NS_ASSERTIONS = NO;
				ENABLE_STRICT_OBJC_MSGSEND = YES;
				GCC_C_LANGUAGE_STANDARD = gnu11;
				GCC_NO_COMMON_BLOCKS = YES;
				GCC_WARN_64_TO_32_BIT_CONVERSION = YES;
				GCC_WARN_ABOUT_RETURN_TYPE = YES_ERROR;
				GCC_WARN_UNDECLARED_SELECTOR = YES;
				GCC_WARN_UNINITIALIZED_AUTOS = YES_AGGRESSIVE;
				GCC_WARN_UNUSED_FUNCTION = YES;
				GCC_WARN_UNUSED_VARIABLE = YES;
				IPHONEOS_DEPLOYMENT_TARGET = 16.4;
				MTL_ENABLE_DEBUG_INFO = NO;
				MTL_FAST_MATH = YES;
				SDKROOT = iphoneos;
				SWIFT_COMPILATION_MODE = wholemodule;
				SWIFT_OPTIMIZATION_LEVEL = "-O";
				VALIDATE_PRODUCT = YES;
			};
			name = Release;
		};
		4D0F4C1B2A14EC9100516495 /* Debug */ = {
			isa = XCBuildConfiguration;
			baseConfigurationReference = A60CD1E6D5713D718DABFBC9 /* Pods-Lost&Found.debug.xcconfig */;
			buildSettings = {
				ASSETCATALOG_COMPILER_APPICON_NAME = AppIcon;
				ASSETCATALOG_COMPILER_GLOBAL_ACCENT_COLOR_NAME = AccentColor;
				CODE_SIGN_STYLE = Automatic;
				CURRENT_PROJECT_VERSION = 1;
				GENERATE_INFOPLIST_FILE = YES;
				INFOPLIST_FILE = "Lost&Found/Info.plist";
				INFOPLIST_KEY_CFBundleDisplayName = "";
				INFOPLIST_KEY_LSApplicationCategoryType = "";
				INFOPLIST_KEY_NSCameraUsageDescription = "This app wants to use your camera";
				INFOPLIST_KEY_NSLocationUsageDescription = "This app wants to use your location";
				INFOPLIST_KEY_NSLocationWhenInUseUsageDescription = "This app wants to use your location";
				INFOPLIST_KEY_NSPhotoLibraryUsageDescription = "This app wants to use your photo library";
				INFOPLIST_KEY_UIApplicationSupportsIndirectInputEvents = YES;
				INFOPLIST_KEY_UILaunchStoryboardName = LaunchScreen;
				INFOPLIST_KEY_UIMainStoryboardFile = Main;
				INFOPLIST_KEY_UISupportedInterfaceOrientations_iPad = "UIInterfaceOrientationPortrait UIInterfaceOrientationPortraitUpsideDown UIInterfaceOrientationLandscapeLeft UIInterfaceOrientationLandscapeRight";
				INFOPLIST_KEY_UISupportedInterfaceOrientations_iPhone = "UIInterfaceOrientationPortrait UIInterfaceOrientationLandscapeLeft UIInterfaceOrientationLandscapeRight";
				LD_RUNPATH_SEARCH_PATHS = (
					"$(inherited)",
					"@executable_path/Frameworks",
				);
				MARKETING_VERSION = 1.0;
				PRODUCT_BUNDLE_IDENTIFIER = "com.agnesaselimi.Lost-Found";
				PRODUCT_NAME = "$(TARGET_NAME)";
				SWIFT_EMIT_LOC_STRINGS = YES;
				SWIFT_VERSION = 5.0;
				TARGETED_DEVICE_FAMILY = "1,2";
			};
			name = Debug;
		};
		4D0F4C1C2A14EC9100516495 /* Release */ = {
			isa = XCBuildConfiguration;
			baseConfigurationReference = F352C7B2CC3419E02F6CE938 /* Pods-Lost&Found.release.xcconfig */;
			buildSettings = {
				ASSETCATALOG_COMPILER_APPICON_NAME = AppIcon;
				ASSETCATALOG_COMPILER_GLOBAL_ACCENT_COLOR_NAME = AccentColor;
				CODE_SIGN_STYLE = Automatic;
				CURRENT_PROJECT_VERSION = 1;
				GENERATE_INFOPLIST_FILE = YES;
				INFOPLIST_FILE = "Lost&Found/Info.plist";
				INFOPLIST_KEY_CFBundleDisplayName = "";
				INFOPLIST_KEY_LSApplicationCategoryType = "";
				INFOPLIST_KEY_NSCameraUsageDescription = "This app wants to use your camera";
				INFOPLIST_KEY_NSLocationUsageDescription = "This app wants to use your location";
				INFOPLIST_KEY_NSLocationWhenInUseUsageDescription = "This app wants to use your location";
				INFOPLIST_KEY_NSPhotoLibraryUsageDescription = "This app wants to use your photo library";
				INFOPLIST_KEY_UIApplicationSupportsIndirectInputEvents = YES;
				INFOPLIST_KEY_UILaunchStoryboardName = LaunchScreen;
				INFOPLIST_KEY_UIMainStoryboardFile = Main;
				INFOPLIST_KEY_UISupportedInterfaceOrientations_iPad = "UIInterfaceOrientationPortrait UIInterfaceOrientationPortraitUpsideDown UIInterfaceOrientationLandscapeLeft UIInterfaceOrientationLandscapeRight";
				INFOPLIST_KEY_UISupportedInterfaceOrientations_iPhone = "UIInterfaceOrientationPortrait UIInterfaceOrientationLandscapeLeft UIInterfaceOrientationLandscapeRight";
				LD_RUNPATH_SEARCH_PATHS = (
					"$(inherited)",
					"@executable_path/Frameworks",
				);
				MARKETING_VERSION = 1.0;
				PRODUCT_BUNDLE_IDENTIFIER = "com.agnesaselimi.Lost-Found";
				PRODUCT_NAME = "$(TARGET_NAME)";
				SWIFT_EMIT_LOC_STRINGS = YES;
				SWIFT_VERSION = 5.0;
				TARGETED_DEVICE_FAMILY = "1,2";
			};
			name = Release;
		};
/* End XCBuildConfiguration section */

/* Begin XCConfigurationList section */
		4D0F4C012A14EC9000516495 /* Build configuration list for PBXProject "Lost&Found" */ = {
			isa = XCConfigurationList;
			buildConfigurations = (
				4D0F4C182A14EC9100516495 /* Debug */,
				4D0F4C192A14EC9100516495 /* Release */,
			);
			defaultConfigurationIsVisible = 0;
			defaultConfigurationName = Release;
		};
		4D0F4C1A2A14EC9100516495 /* Build configuration list for PBXNativeTarget "Lost&Found" */ = {
			isa = XCConfigurationList;
			buildConfigurations = (
				4D0F4C1B2A14EC9100516495 /* Debug */,
				4D0F4C1C2A14EC9100516495 /* Release */,
			);
			defaultConfigurationIsVisible = 0;
			defaultConfigurationName = Release;
		};
/* End XCConfigurationList section */

/* Begin XCVersionGroup section */
		4D680EB32A1B7C420092E3C0 /* LostFound_CoreData.xcdatamodeld */ = {
			isa = XCVersionGroup;
			children = (
				4D680EB42A1B7C420092E3C0 /* LostFound_CoreData.xcdatamodel */,
			);
			currentVersion = 4D680EB42A1B7C420092E3C0 /* LostFound_CoreData.xcdatamodel */;
			path = LostFound_CoreData.xcdatamodeld;
			sourceTree = "<group>";
			versionGroupType = wrapper.xcdatamodel;
		};
/* End XCVersionGroup section */
	};
	rootObject = 4D0F4BFE2A14EC9000516495 /* Project object */;
}
